
Microsoft Visual Studio Solution File, Format Version 12.00
# Visual Studio Version 16
VisualStudioVersion = 16.0.28922.388
MinimumVisualStudioVersion = 10.0.40219.1
Project("{FAE04EC0-301F-11D3-BF4B-00C04F79EFBC}") = "WebApplication_s02", "WebApplication_s02.csproj", "{AB90786C-4BF6-4C82-84AD-31FED61A84EB}"
EndProject
Global
	GlobalSection(SolutionConfigurationPlatforms) = preSolution
		Debug|Any CPU = Debug|Any CPU
		Release|Any CPU = Release|Any CPU
	EndGlobalSection
	GlobalSection(ProjectConfigurationPlatforms) = postSolution
		{AB90786C-4BF6-4C82-84AD-31FED61A84EB}.Debug|Any CPU.ActiveCfg = Debug|Any CPU
		{AB90786C-4BF6-4C82-84AD-31FED61A84EB}.Debug|Any CPU.Build.0 = Debug|Any CPU
		{AB90786C-4BF6-4C82-84AD-31FED61A84EB}.Release|Any CPU.ActiveCfg = Release|Any CPU
		{AB90786C-4BF6-4C82-84AD-31FED61A84EB}.Release|Any CPU.Build.0 = Release|Any CPU
	EndGlobalSection
	GlobalSection(SolutionProperties) = preSolution
		HideSolutionNode = FALSE
	EndGlobalSection
	GlobalSection(ExtensibilityGlobals) = postSolution
		SolutionGuid = {ABE4B941-DF69-4F57-9006-197BA4645AD8}
	EndGlobalSection
EndGlobal
