
Microsoft Visual Studio Solution File, Format Version 12.00
# Visual Studio 15
VisualStudioVersion = 15.0.28307.421
MinimumVisualStudioVersion = 10.0.40219.1
Project("{FAE04EC0-301F-11D3-BF4B-00C04F79EFBC}") = "ConsoleApp1", "ConsoleApp1\ConsoleApp1.csproj", "{D2B823B0-9A45-4DCB-B959-FE4EA1B84FCE}"
EndProject
Global
	GlobalSection(SolutionConfigurationPlatforms) = preSolution
		Debug|Any CPU = Debug|Any CPU
		Release|Any CPU = Release|Any CPU
	EndGlobalSection
	GlobalSection(ProjectConfigurationPlatforms) = postSolution
		{D2B823B0-9A45-4DCB-B959-FE4EA1B84FCE}.Debug|Any CPU.ActiveCfg = Debug|Any CPU
		{D2B823B0-9A45-4DCB-B959-FE4EA1B84FCE}.Debug|Any CPU.Build.0 = Debug|Any CPU
		{D2B823B0-9A45-4DCB-B959-FE4EA1B84FCE}.Release|Any CPU.ActiveCfg = Release|Any CPU
		{D2B823B0-9A45-4DCB-B959-FE4EA1B84FCE}.Release|Any CPU.Build.0 = Release|Any CPU
	EndGlobalSection
	GlobalSection(SolutionProperties) = preSolution
		HideSolutionNode = FALSE
	EndGlobalSection
	GlobalSection(ExtensibilityGlobals) = postSolution
		SolutionGuid = {B0C2EECC-D201-441C-A0F9-9D7C254C56C3}
	EndGlobalSection
EndGlobal
