
Microsoft Visual Studio Solution File, Format Version 12.00
# Visual Studio 15
VisualStudioVersion = 15.0.28307.438
MinimumVisualStudioVersion = 10.0.40219.1
Project("{FAE04EC0-301F-11D3-BF4B-00C04F79EFBC}") = "SumperMarket", "SumperMarket\SumperMarket.csproj", "{FAD5A750-1827-4480-816C-95F9BB1FF700}"
EndProject
Project("{FAE04EC0-301F-11D3-BF4B-00C04F79EFBC}") = "SupperMarket_ClassLibrary", "SupperMarket_ClassLibrary\SupperMarket_ClassLibrary.csproj", "{C1D2FD12-9D3C-4B3A-A723-12CC50CE31F4}"
EndProject
Global
	GlobalSection(SolutionConfigurationPlatforms) = preSolution
		Debug|Any CPU = Debug|Any CPU
		Release|Any CPU = Release|Any CPU
	EndGlobalSection
	GlobalSection(ProjectConfigurationPlatforms) = postSolution
		{FAD5A750-1827-4480-816C-95F9BB1FF700}.Debug|Any CPU.ActiveCfg = Debug|Any CPU
		{FAD5A750-1827-4480-816C-95F9BB1FF700}.Debug|Any CPU.Build.0 = Debug|Any CPU
		{FAD5A750-1827-4480-816C-95F9BB1FF700}.Release|Any CPU.ActiveCfg = Release|Any CPU
		{FAD5A750-1827-4480-816C-95F9BB1FF700}.Release|Any CPU.Build.0 = Release|Any CPU
		{C1D2FD12-9D3C-4B3A-A723-12CC50CE31F4}.Debug|Any CPU.ActiveCfg = Debug|Any CPU
		{C1D2FD12-9D3C-4B3A-A723-12CC50CE31F4}.Debug|Any CPU.Build.0 = Debug|Any CPU
		{C1D2FD12-9D3C-4B3A-A723-12CC50CE31F4}.Release|Any CPU.ActiveCfg = Release|Any CPU
		{C1D2FD12-9D3C-4B3A-A723-12CC50CE31F4}.Release|Any CPU.Build.0 = Release|Any CPU
	EndGlobalSection
	GlobalSection(SolutionProperties) = preSolution
		HideSolutionNode = FALSE
	EndGlobalSection
	GlobalSection(ExtensibilityGlobals) = postSolution
		SolutionGuid = {52BB1A85-BCF4-4D7B-8210-DA7C36602E2F}
	EndGlobalSection
EndGlobal
