
Microsoft Visual Studio Solution File, Format Version 12.00
# Visual Studio 15
VisualStudioVersion = 15.0.28307.168
MinimumVisualStudioVersion = 10.0.40219.1
Project("{FAE04EC0-301F-11D3-BF4B-00C04F79EFBC}") = "VideoEncoderApplication", "VideoEncoderApplication\VideoEncoderApplication.csproj", "{99E50BAA-5358-40E3-BD9B-3B2EF7B14057}"
EndProject
Project("{FAE04EC0-301F-11D3-BF4B-00C04F79EFBC}") = "VideoRenderingApplication", "VideoRenderingApplication\VideoRenderingApplication.csproj", "{6590FF9F-D60F-4E1F-BC57-B054E10E80F0}"
EndProject
Project("{FAE04EC0-301F-11D3-BF4B-00C04F79EFBC}") = "Results", "Results\Results.csproj", "{1EF2BAD6-0829-4A83-BEF6-261BEC0F08AA}"
EndProject
Global
	GlobalSection(SolutionConfigurationPlatforms) = preSolution
		Debug|Any CPU = Debug|Any CPU
		Release|Any CPU = Release|Any CPU
	EndGlobalSection
	GlobalSection(ProjectConfigurationPlatforms) = postSolution
		{99E50BAA-5358-40E3-BD9B-3B2EF7B14057}.Debug|Any CPU.ActiveCfg = Debug|Any CPU
		{99E50BAA-5358-40E3-BD9B-3B2EF7B14057}.Debug|Any CPU.Build.0 = Debug|Any CPU
		{99E50BAA-5358-40E3-BD9B-3B2EF7B14057}.Release|Any CPU.ActiveCfg = Release|Any CPU
		{99E50BAA-5358-40E3-BD9B-3B2EF7B14057}.Release|Any CPU.Build.0 = Release|Any CPU
		{6590FF9F-D60F-4E1F-BC57-B054E10E80F0}.Debug|Any CPU.ActiveCfg = Debug|Any CPU
		{6590FF9F-D60F-4E1F-BC57-B054E10E80F0}.Debug|Any CPU.Build.0 = Debug|Any CPU
		{6590FF9F-D60F-4E1F-BC57-B054E10E80F0}.Release|Any CPU.ActiveCfg = Release|Any CPU
		{6590FF9F-D60F-4E1F-BC57-B054E10E80F0}.Release|Any CPU.Build.0 = Release|Any CPU
		{1EF2BAD6-0829-4A83-BEF6-261BEC0F08AA}.Debug|Any CPU.ActiveCfg = Debug|Any CPU
		{1EF2BAD6-0829-4A83-BEF6-261BEC0F08AA}.Debug|Any CPU.Build.0 = Debug|Any CPU
		{1EF2BAD6-0829-4A83-BEF6-261BEC0F08AA}.Release|Any CPU.ActiveCfg = Release|Any CPU
		{1EF2BAD6-0829-4A83-BEF6-261BEC0F08AA}.Release|Any CPU.Build.0 = Release|Any CPU
	EndGlobalSection
	GlobalSection(SolutionProperties) = preSolution
		HideSolutionNode = FALSE
	EndGlobalSection
	GlobalSection(ExtensibilityGlobals) = postSolution
		SolutionGuid = {1D33D72D-8491-4E60-9671-E31247B4A7BB}
	EndGlobalSection
EndGlobal
